{
  "name": "webdevcourse",
  "lockfileVersion": 2,
  "requires": true,
  "packages": {
    "": {
      "dependencies": {
        "fast-average-color": "^9.3.0"
      }
    },
    "node_modules/fast-average-color": {
      "version": "9.3.0",
      "resolved": "https://registry.npmjs.org/fast-average-color/-/fast-average-color-9.3.0.tgz",
      "integrity": "sha512-FlPROSqDMOnoBgkFhWMHJODPvpS0Od0WDpedcKq4U/t0JVapGAkblNwxOr75qT+ZNd0dQM4qlgqrtnXbCJ8cNg==",
      "engines": {
        "node": ">= 12"
      }
    }
  },
  "dependencies": {
    "fast-average-color": {
      "version": "9.3.0",
      "resolved": "https://registry.npmjs.org/fast-average-color/-/fast-average-color-9.3.0.tgz",
      "integrity": "sha512-FlPROSqDMOnoBgkFhWMHJODPvpS0Od0WDpedcKq4U/t0JVapGAkblNwxOr75qT+ZNd0dQM4qlgqrtnXbCJ8cNg=="
    }
  }
}
